// !$*UTF8*$!
{
	archiveVersion = 1;
	classes = {
	};
	objectVersion = 46;
	objects = {

/* Begin PBXBuildFile section */
		AB0A048718BF14ED00A377B4 /* VRLogTests.m in Sources */ = {isa = PBXBuildFile; fileRef = AB0A048618BF14ED00A377B4 /* VRLogTests.m */; };
		AB0A049B18BF4AD400A377B4 /* VRProtocolConformationTests.m in Sources */ = {isa = PBXBuildFile; fileRef = AB0A049A18BF4AD400A377B4 /* VRProtocolConformationTests.m */; };
		AB3CA4A818B768EA0079964E /* Foundation.framework in Frameworks */ = {isa = PBXBuildFile; fileRef = AB3CA4A718B768EA0079964E /* Foundation.framework */; };
		AB3CA4AD18B768EA0079964E /* VRFoundationToolkit.h in CopyFiles */ = {isa = PBXBuildFile; fileRef = AB3CA4AC18B768EA0079964E /* VRFoundationToolkit.h */; };
		AB3CA4B618B768EA0079964E /* XCTest.framework in Frameworks */ = {isa = PBXBuildFile; fileRef = AB3CA4B518B768EA0079964E /* XCTest.framework */; };
		AB3CA4B718B768EA0079964E /* Foundation.framework in Frameworks */ = {isa = PBXBuildFile; fileRef = AB3CA4A718B768EA0079964E /* Foundation.framework */; };
		AB3CA4B918B768EA0079964E /* UIKit.framework in Frameworks */ = {isa = PBXBuildFile; fileRef = AB3CA4B818B768EA0079964E /* UIKit.framework */; };
		AB3CA4BC18B768EA0079964E /* libVRFoundationToolkit.a in Frameworks */ = {isa = PBXBuildFile; fileRef = AB3CA4A418B768EA0079964E /* libVRFoundationToolkit.a */; };
		AB3CA4C218B768EA0079964E /* InfoPlist.strings in Resources */ = {isa = PBXBuildFile; fileRef = AB3CA4C018B768EA0079964E /* InfoPlist.strings */; };
		AB3CA4E218B770470079964E /* NSFileManager+VRDocumentsDirectory.m in Sources */ = {isa = PBXBuildFile; fileRef = AB3CA4E118B770470079964E /* NSFileManager+VRDocumentsDirectory.m */; };
		AB3CA4EA18B775F00079964E /* NSDate+VRDurations.m in Sources */ = {isa = PBXBuildFile; fileRef = AB3CA4E918B775F00079964E /* NSDate+VRDurations.m */; };
		AB3CA4EE18B776DE0079964E /* NSString+VRMd5.m in Sources */ = {isa = PBXBuildFile; fileRef = AB3CA4ED18B776DE0079964E /* NSString+VRMd5.m */; };
		AB3CA4F218B77A7B0079964E /* VRProtocolConformation.m in Sources */ = {isa = PBXBuildFile; fileRef = AB3CA4F118B77A7B0079964E /* VRProtocolConformation.m */; };
		AB3CA56118B785200079964E /* NSArray+VRCheckMembers.m in Sources */ = {isa = PBXBuildFile; fileRef = AB3CA56018B785200079964E /* NSArray+VRCheckMembers.m */; };
		AB3CA58718B796A10079964E /* NSMutableDictionary+VRExchangeKeys.m in Sources */ = {isa = PBXBuildFile; fileRef = AB3CA58618B796A10079964E /* NSMutableDictionary+VRExchangeKeys.m */; };
		AB3CA58A18B797AA0079964E /* NSMutableDictionary+VRExchangeKeys.h in CopyFiles */ = {isa = PBXBuildFile; fileRef = AB3CA58518B796A10079964E /* NSMutableDictionary+VRExchangeKeys.h */; };
		AB3CA58B18B797AA0079964E /* NSArray+VRCheckMembers.h in CopyFiles */ = {isa = PBXBuildFile; fileRef = AB3CA55F18B785200079964E /* NSArray+VRCheckMembers.h */; };
		AB3CA58C18B797AA0079964E /* NSString+VRMd5.h in CopyFiles */ = {isa = PBXBuildFile; fileRef = AB3CA4EC18B776DE0079964E /* NSString+VRMd5.h */; };
		AB3CA58D18B797AA0079964E /* NSDate+VRDurations.h in CopyFiles */ = {isa = PBXBuildFile; fileRef = AB3CA4E818B775F00079964E /* NSDate+VRDurations.h */; };
		AB3CA58E18B797AA0079964E /* NSFileManager+VRDocumentsDirectory.h in CopyFiles */ = {isa = PBXBuildFile; fileRef = AB3CA4E018B770470079964E /* NSFileManager+VRDocumentsDirectory.h */; };
		AB3CA58F18B797AA0079964E /* VRProtocolConformation.h in CopyFiles */ = {isa = PBXBuildFile; fileRef = AB3CA4F018B77A7B0079964E /* VRProtocolConformation.h */; };
		AB3CA59018B797AA0079964E /* VRLog.h in CopyFiles */ = {isa = PBXBuildFile; fileRef = AB3CA4CE18B76ACA0079964E /* VRLog.h */; };
		AB3CA59118B797AA0079964E /* NSCoder+VRKeyName.h in CopyFiles */ = {isa = PBXBuildFile; fileRef = AB3CA4E318B7714A0079964E /* NSCoder+VRKeyName.h */; };
		AB909D4F18BDC86600EF2795 /* NSObject+VRPropertiesProcessing.m in Sources */ = {isa = PBXBuildFile; fileRef = AB909D4E18BDC86600EF2795 /* NSObject+VRPropertiesProcessing.m */; };
		AB909D5218BDCACE00EF2795 /* NSObject+VRPropertiesProcessingTests.m in Sources */ = {isa = PBXBuildFile; fileRef = AB909D5118BDCACE00EF2795 /* NSObject+VRPropertiesProcessingTests.m */; };
		AB909D5518BDCBF000EF2795 /* VRPPMySuperClass.m in Sources */ = {isa = PBXBuildFile; fileRef = AB909D5418BDCBF000EF2795 /* VRPPMySuperClass.m */; };
		AB909D5818BDCC1100EF2795 /* VRPPMyClass.m in Sources */ = {isa = PBXBuildFile; fileRef = AB909D5718BDCC1100EF2795 /* VRPPMyClass.m */; };
/* End PBXBuildFile section */

/* Begin PBXContainerItemProxy section */
		AB3CA4BA18B768EA0079964E /* PBXContainerItemProxy */ = {
			isa = PBXContainerItemProxy;
			containerPortal = AB3CA49C18B768EA0079964E /* Project object */;
			proxyType = 1;
			remoteGlobalIDString = AB3CA4A318B768EA0079964E;
			remoteInfo = VRFoundationToolkit;
		};
/* End PBXContainerItemProxy section */

/* Begin PBXCopyFilesBuildPhase section */
		AB3CA4A218B768EA0079964E /* CopyFiles */ = {
			isa = PBXCopyFilesBuildPhase;
			buildActionMask = 2147483647;
			dstPath = "include/$(PRODUCT_NAME)";
			dstSubfolderSpec = 16;
			files = (
				AB3CA58A18B797AA0079964E /* NSMutableDictionary+VRExchangeKeys.h in CopyFiles */,
				AB3CA58B18B797AA0079964E /* NSArray+VRCheckMembers.h in CopyFiles */,
				AB3CA58C18B797AA0079964E /* NSString+VRMd5.h in CopyFiles */,
				AB3CA58D18B797AA0079964E /* NSDate+VRDurations.h in CopyFiles */,
				AB3CA58E18B797AA0079964E /* NSFileManager+VRDocumentsDirectory.h in CopyFiles */,
				AB3CA58F18B797AA0079964E /* VRProtocolConformation.h in CopyFiles */,
				AB3CA59018B797AA0079964E /* VRLog.h in CopyFiles */,
				AB3CA59118B797AA0079964E /* NSCoder+VRKeyName.h in CopyFiles */,
				AB3CA4AD18B768EA0079964E /* VRFoundationToolkit.h in CopyFiles */,
			);
			runOnlyForDeploymentPostprocessing = 0;
		};
/* End PBXCopyFilesBuildPhase section */

/* Begin PBXFileReference section */
		AB0A048618BF14ED00A377B4 /* VRLogTests.m */ = {isa = PBXFileReference; fileEncoding = 4; lastKnownFileType = sourcecode.c.objc; path = VRLogTests.m; sourceTree = "<group>"; };
		AB0A049A18BF4AD400A377B4 /* VRProtocolConformationTests.m */ = {isa = PBXFileReference; fileEncoding = 4; lastKnownFileType = sourcecode.c.objc; path = VRProtocolConformationTests.m; sourceTree = "<group>"; };
		AB3CA4A418B768EA0079964E /* libVRFoundationToolkit.a */ = {isa = PBXFileReference; explicitFileType = archive.ar; includeInIndex = 0; path = libVRFoundationToolkit.a; sourceTree = BUILT_PRODUCTS_DIR; };
		AB3CA4A718B768EA0079964E /* Foundation.framework */ = {isa = PBXFileReference; lastKnownFileType = wrapper.framework; name = Foundation.framework; path = System/Library/Frameworks/Foundation.framework; sourceTree = SDKROOT; };
		AB3CA4AB18B768EA0079964E /* VRFoundationToolkit-Prefix.pch */ = {isa = PBXFileReference; lastKnownFileType = sourcecode.c.h; path = "VRFoundationToolkit-Prefix.pch"; sourceTree = "<group>"; };
		AB3CA4AC18B768EA0079964E /* VRFoundationToolkit.h */ = {isa = PBXFileReference; lastKnownFileType = sourcecode.c.h; path = VRFoundationToolkit.h; sourceTree = "<group>"; };
		AB3CA4B418B768EA0079964E /* VRFoundationToolkitTests.xctest */ = {isa = PBXFileReference; explicitFileType = wrapper.cfbundle; includeInIndex = 0; path = VRFoundationToolkitTests.xctest; sourceTree = BUILT_PRODUCTS_DIR; };
		AB3CA4B518B768EA0079964E /* XCTest.framework */ = {isa = PBXFileReference; lastKnownFileType = wrapper.framework; name = XCTest.framework; path = Library/Frameworks/XCTest.framework; sourceTree = DEVELOPER_DIR; };
		AB3CA4B818B768EA0079964E /* UIKit.framework */ = {isa = PBXFileReference; lastKnownFileType = wrapper.framework; name = UIKit.framework; path = Library/Frameworks/UIKit.framework; sourceTree = DEVELOPER_DIR; };
		AB3CA4BF18B768EA0079964E /* VRFoundationToolkitTests-Info.plist */ = {isa = PBXFileReference; lastKnownFileType = text.plist.xml; path = "VRFoundationToolkitTests-Info.plist"; sourceTree = "<group>"; };
		AB3CA4C118B768EA0079964E /* en */ = {isa = PBXFileReference; lastKnownFileType = text.plist.strings; name = en; path = en.lproj/InfoPlist.strings; sourceTree = "<group>"; };
		AB3CA4CE18B76ACA0079964E /* VRLog.h */ = {isa = PBXFileReference; lastKnownFileType = sourcecode.c.h; path = VRLog.h; sourceTree = "<group>"; };
		AB3CA4E018B770470079964E /* NSFileManager+VRDocumentsDirectory.h */ = {isa = PBXFileReference; fileEncoding = 4; lastKnownFileType = sourcecode.c.h; path = "NSFileManager+VRDocumentsDirectory.h"; sourceTree = "<group>"; };
		AB3CA4E118B770470079964E /* NSFileManager+VRDocumentsDirectory.m */ = {isa = PBXFileReference; fileEncoding = 4; lastKnownFileType = sourcecode.c.objc; path = "NSFileManager+VRDocumentsDirectory.m"; sourceTree = "<group>"; };
		AB3CA4E318B7714A0079964E /* NSCoder+VRKeyName.h */ = {isa = PBXFileReference; lastKnownFileType = sourcecode.c.h; path = "NSCoder+VRKeyName.h"; sourceTree = "<group>"; };
		AB3CA4E818B775F00079964E /* NSDate+VRDurations.h */ = {isa = PBXFileReference; fileEncoding = 4; lastKnownFileType = sourcecode.c.h; path = "NSDate+VRDurations.h"; sourceTree = "<group>"; };
		AB3CA4E918B775F00079964E /* NSDate+VRDurations.m */ = {isa = PBXFileReference; fileEncoding = 4; lastKnownFileType = sourcecode.c.objc; path = "NSDate+VRDurations.m"; sourceTree = "<group>"; };
		AB3CA4EC18B776DE0079964E /* NSString+VRMd5.h */ = {isa = PBXFileReference; fileEncoding = 4; lastKnownFileType = sourcecode.c.h; path = "NSString+VRMd5.h"; sourceTree = "<group>"; };
		AB3CA4ED18B776DE0079964E /* NSString+VRMd5.m */ = {isa = PBXFileReference; fileEncoding = 4; lastKnownFileType = sourcecode.c.objc; path = "NSString+VRMd5.m"; sourceTree = "<group>"; };
		AB3CA4F018B77A7B0079964E /* VRProtocolConformation.h */ = {isa = PBXFileReference; fileEncoding = 4; lastKnownFileType = sourcecode.c.h; path = VRProtocolConformation.h; sourceTree = "<group>"; };
		AB3CA4F118B77A7B0079964E /* VRProtocolConformation.m */ = {isa = PBXFileReference; fileEncoding = 4; lastKnownFileType = sourcecode.c.objc; path = VRProtocolConformation.m; sourceTree = "<group>"; };
		AB3CA55F18B785200079964E /* NSArray+VRCheckMembers.h */ = {isa = PBXFileReference; fileEncoding = 4; lastKnownFileType = sourcecode.c.h; path = "NSArray+VRCheckMembers.h"; sourceTree = "<group>"; };
		AB3CA56018B785200079964E /* NSArray+VRCheckMembers.m */ = {isa = PBXFileReference; fileEncoding = 4; lastKnownFileType = sourcecode.c.objc; path = "NSArray+VRCheckMembers.m"; sourceTree = "<group>"; };
		AB3CA58518B796A10079964E /* NSMutableDictionary+VRExchangeKeys.h */ = {isa = PBXFileReference; fileEncoding = 4; lastKnownFileType = sourcecode.c.h; path = "NSMutableDictionary+VRExchangeKeys.h"; sourceTree = "<group>"; };
		AB3CA58618B796A10079964E /* NSMutableDictionary+VRExchangeKeys.m */ = {isa = PBXFileReference; fileEncoding = 4; lastKnownFileType = sourcecode.c.objc; path = "NSMutableDictionary+VRExchangeKeys.m"; sourceTree = "<group>"; };
		AB909D4D18BDC86600EF2795 /* NSObject+VRPropertiesProcessing.h */ = {isa = PBXFileReference; fileEncoding = 4; lastKnownFileType = sourcecode.c.h; path = "NSObject+VRPropertiesProcessing.h"; sourceTree = "<group>"; };
		AB909D4E18BDC86600EF2795 /* NSObject+VRPropertiesProcessing.m */ = {isa = PBXFileReference; fileEncoding = 4; lastKnownFileType = sourcecode.c.objc; path = "NSObject+VRPropertiesProcessing.m"; sourceTree = "<group>"; };
		AB909D5118BDCACE00EF2795 /* NSObject+VRPropertiesProcessingTests.m */ = {isa = PBXFileReference; fileEncoding = 4; lastKnownFileType = sourcecode.c.objc; path = "NSObject+VRPropertiesProcessingTests.m"; sourceTree = "<group>"; };
		AB909D5318BDCBF000EF2795 /* VRPPMySuperClass.h */ = {isa = PBXFileReference; fileEncoding = 4; lastKnownFileType = sourcecode.c.h; path = VRPPMySuperClass.h; sourceTree = "<group>"; };
		AB909D5418BDCBF000EF2795 /* VRPPMySuperClass.m */ = {isa = PBXFileReference; fileEncoding = 4; lastKnownFileType = sourcecode.c.objc; path = VRPPMySuperClass.m; sourceTree = "<group>"; };
		AB909D5618BDCC1100EF2795 /* VRPPMyClass.h */ = {isa = PBXFileReference; fileEncoding = 4; lastKnownFileType = sourcecode.c.h; path = VRPPMyClass.h; sourceTree = "<group>"; };
		AB909D5718BDCC1100EF2795 /* VRPPMyClass.m */ = {isa = PBXFileReference; fileEncoding = 4; lastKnownFileType = sourcecode.c.objc; path = VRPPMyClass.m; sourceTree = "<group>"; };
		ABC9BF2818B9A0F800C6566F /* VRSingleton.h */ = {isa = PBXFileReference; lastKnownFileType = sourcecode.c.h; path = VRSingleton.h; sourceTree = "<group>"; };
/* End PBXFileReference section */

/* Begin PBXFrameworksBuildPhase section */
		AB3CA4A118B768EA0079964E /* Frameworks */ = {
			isa = PBXFrameworksBuildPhase;
			buildActionMask = 2147483647;
			files = (
				AB3CA4A818B768EA0079964E /* Foundation.framework in Frameworks */,
			);
			runOnlyForDeploymentPostprocessing = 0;
		};
		AB3CA4B118B768EA0079964E /* Frameworks */ = {
			isa = PBXFrameworksBuildPhase;
			buildActionMask = 2147483647;
			files = (
				AB3CA4B618B768EA0079964E /* XCTest.framework in Frameworks */,
				AB3CA4B918B768EA0079964E /* UIKit.framework in Frameworks */,
				AB3CA4B718B768EA0079964E /* Foundation.framework in Frameworks */,
				AB3CA4BC18B768EA0079964E /* libVRFoundationToolkit.a in Frameworks */,
			);
			runOnlyForDeploymentPostprocessing = 0;
		};
/* End PBXFrameworksBuildPhase section */

/* Begin PBXGroup section */
		AB3CA49B18B768EA0079964E = {
			isa = PBXGroup;
			children = (
				AB3CA4A918B768EA0079964E /* VRFoundationToolkit */,
				AB3CA4BD18B768EA0079964E /* VRFoundationToolkitTests */,
				AB3CA4A618B768EA0079964E /* Frameworks */,
				AB3CA4A518B768EA0079964E /* Products */,
			);
			sourceTree = "<group>";
		};
		AB3CA4A518B768EA0079964E /* Products */ = {
			isa = PBXGroup;
			children = (
				AB3CA4A418B768EA0079964E /* libVRFoundationToolkit.a */,
				AB3CA4B418B768EA0079964E /* VRFoundationToolkitTests.xctest */,
			);
			name = Products;
			sourceTree = "<group>";
		};
		AB3CA4A618B768EA0079964E /* Frameworks */ = {
			isa = PBXGroup;
			children = (
				AB3CA4A718B768EA0079964E /* Foundation.framework */,
				AB3CA4B518B768EA0079964E /* XCTest.framework */,
				AB3CA4B818B768EA0079964E /* UIKit.framework */,
			);
			name = Frameworks;
			sourceTree = "<group>";
		};
		AB3CA4A918B768EA0079964E /* VRFoundationToolkit */ = {
			isa = PBXGroup;
			children = (
				AB3CA4AC18B768EA0079964E /* VRFoundationToolkit.h */,
				AB3CA4CD18B769690079964E /* Functions and categories */,
				AB3CA4AA18B768EA0079964E /* Supporting Files */,
			);
			path = VRFoundationToolkit;
			sourceTree = "<group>";
		};
		AB3CA4AA18B768EA0079964E /* Supporting Files */ = {
			isa = PBXGroup;
			children = (
				AB3CA4AB18B768EA0079964E /* VRFoundationToolkit-Prefix.pch */,
			);
			name = "Supporting Files";
			sourceTree = "<group>";
		};
		AB3CA4BD18B768EA0079964E /* VRFoundationToolkitTests */ = {
			isa = PBXGroup;
			children = (
				AB0A048618BF14ED00A377B4 /* VRLogTests.m */,
				AB0A049A18BF4AD400A377B4 /* VRProtocolConformationTests.m */,
				AB909D5918BDCC6200EF2795 /* NSObject+VRPropertiesProcessingTests */,
				AB3CA4BE18B768EA0079964E /* Supporting Files */,
			);
			path = VRFoundationToolkitTests;
			sourceTree = "<group>";
		};
		AB3CA4BE18B768EA0079964E /* Supporting Files */ = {
			isa = PBXGroup;
			children = (
				AB3CA4BF18B768EA0079964E /* VRFoundationToolkitTests-Info.plist */,
				AB3CA4C018B768EA0079964E /* InfoPlist.strings */,
			);
			name = "Supporting Files";
			sourceTree = "<group>";
		};
		AB3CA4CD18B769690079964E /* Functions and categories */ = {
			isa = PBXGroup;
			children = (
				AB3CA58818B797090079964E /* NSMutableDictionary+VRExchangeKeys */,
				AB3CA56218B785740079964E /* NSArray+VRCheckMembers */,
				AB3CA4EF18B779190079964E /* NSString+VRMd5 */,
				AB3CA4EB18B7764A0079964E /* NSDate+VRDurations */,
				AB3CA4DF18B770270079964E /* NSFileManager+VRDocumentsDirectory */,
				AB3CA4F318B77A830079964E /* VRProtocolConformation */,
				AB909D5018BDC88700EF2795 /* NSObject+VRPropertiesProcessing */,
				AB3CA4CE18B76ACA0079964E /* VRLog.h */,
				AB3CA4E318B7714A0079964E /* NSCoder+VRKeyName.h */,
				ABC9BF2818B9A0F800C6566F /* VRSingleton.h */,
			);
			name = "Functions and categories";
			sourceTree = "<group>";
		};
		AB3CA4DF18B770270079964E /* NSFileManager+VRDocumentsDirectory */ = {
			isa = PBXGroup;
			children = (
				AB3CA4E018B770470079964E /* NSFileManager+VRDocumentsDirectory.h */,
				AB3CA4E118B770470079964E /* NSFileManager+VRDocumentsDirectory.m */,
			);
			name = "NSFileManager+VRDocumentsDirectory";
			sourceTree = "<group>";
		};
		AB3CA4EB18B7764A0079964E /* NSDate+VRDurations */ = {
			isa = PBXGroup;
			children = (
				AB3CA4E818B775F00079964E /* NSDate+VRDurations.h */,
				AB3CA4E918B775F00079964E /* NSDate+VRDurations.m */,
			);
			name = "NSDate+VRDurations";
			sourceTree = "<group>";
		};
		AB3CA4EF18B779190079964E /* NSString+VRMd5 */ = {
			isa = PBXGroup;
			children = (
				AB3CA4EC18B776DE0079964E /* NSString+VRMd5.h */,
				AB3CA4ED18B776DE0079964E /* NSString+VRMd5.m */,
			);
			name = "NSString+VRMd5";
			sourceTree = "<group>";
		};
		AB3CA4F318B77A830079964E /* VRProtocolConformation */ = {
			isa = PBXGroup;
			children = (
				AB3CA4F018B77A7B0079964E /* VRProtocolConformation.h */,
				AB3CA4F118B77A7B0079964E /* VRProtocolConformation.m */,
			);
			name = VRProtocolConformation;
			sourceTree = "<group>";
		};
		AB3CA56218B785740079964E /* NSArray+VRCheckMembers */ = {
			isa = PBXGroup;
			children = (
				AB3CA55F18B785200079964E /* NSArray+VRCheckMembers.h */,
				AB3CA56018B785200079964E /* NSArray+VRCheckMembers.m */,
			);
			name = "NSArray+VRCheckMembers";
			sourceTree = "<group>";
		};
		AB3CA58818B797090079964E /* NSMutableDictionary+VRExchangeKeys */ = {
			isa = PBXGroup;
			children = (
				AB3CA58518B796A10079964E /* NSMutableDictionary+VRExchangeKeys.h */,
				AB3CA58618B796A10079964E /* NSMutableDictionary+VRExchangeKeys.m */,
			);
			name = "NSMutableDictionary+VRExchangeKeys";
			sourceTree = "<group>";
		};
		AB909D5018BDC88700EF2795 /* NSObject+VRPropertiesProcessing */ = {
			isa = PBXGroup;
			children = (
				AB909D4D18BDC86600EF2795 /* NSObject+VRPropertiesProcessing.h */,
				AB909D4E18BDC86600EF2795 /* NSObject+VRPropertiesProcessing.m */,
			);
			name = "NSObject+VRPropertiesProcessing";
			sourceTree = "<group>";
		};
		AB909D5918BDCC6200EF2795 /* NSObject+VRPropertiesProcessingTests */ = {
			isa = PBXGroup;
			children = (
				AB909D5118BDCACE00EF2795 /* NSObject+VRPropertiesProcessingTests.m */,
				AB909D5318BDCBF000EF2795 /* VRPPMySuperClass.h */,
				AB909D5418BDCBF000EF2795 /* VRPPMySuperClass.m */,
				AB909D5618BDCC1100EF2795 /* VRPPMyClass.h */,
				AB909D5718BDCC1100EF2795 /* VRPPMyClass.m */,
			);
			name = "NSObject+VRPropertiesProcessingTests";
			sourceTree = "<group>";
		};
/* End PBXGroup section */

/* Begin PBXNativeTarget section */
		AB3CA4A318B768EA0079964E /* VRFoundationToolkit */ = {
			isa = PBXNativeTarget;
			buildConfigurationList = AB3CA4C718B768EA0079964E /* Build configuration list for PBXNativeTarget "VRFoundationToolkit" */;
			buildPhases = (
				AB3CA4A018B768EA0079964E /* Sources */,
				AB3CA4A118B768EA0079964E /* Frameworks */,
				AB3CA4A218B768EA0079964E /* CopyFiles */,
			);
			buildRules = (
			);
			dependencies = (
			);
			name = VRFoundationToolkit;
			productName = VRFoundationToolkit;
			productReference = AB3CA4A418B768EA0079964E /* libVRFoundationToolkit.a */;
			productType = "com.apple.product-type.library.static";
		};
		AB3CA4B318B768EA0079964E /* VRFoundationToolkitTests */ = {
			isa = PBXNativeTarget;
			buildConfigurationList = AB3CA4CA18B768EA0079964E /* Build configuration list for PBXNativeTarget "VRFoundationToolkitTests" */;
			buildPhases = (
				AB3CA4B018B768EA0079964E /* Sources */,
				AB3CA4B118B768EA0079964E /* Frameworks */,
				AB3CA4B218B768EA0079964E /* Resources */,
			);
			buildRules = (
			);
			dependencies = (
				AB3CA4BB18B768EA0079964E /* PBXTargetDependency */,
			);
			name = VRFoundationToolkitTests;
			productName = VRFoundationToolkitTests;
			productReference = AB3CA4B418B768EA0079964E /* VRFoundationToolkitTests.xctest */;
			productType = "com.apple.product-type.bundle.unit-test";
		};
/* End PBXNativeTarget section */

/* Begin PBXProject section */
		AB3CA49C18B768EA0079964E /* Project object */ = {
			isa = PBXProject;
			attributes = {
				LastUpgradeCheck = 0500;
				ORGANIZATIONNAME = "Ivan Rublev http://ivanrublev.me";
			};
			buildConfigurationList = AB3CA49F18B768EA0079964E /* Build configuration list for PBXProject "VRFoundationToolkit" */;
			compatibilityVersion = "Xcode 3.2";
			developmentRegion = English;
			hasScannedForEncodings = 0;
			knownRegions = (
				en,
			);
			mainGroup = AB3CA49B18B768EA0079964E;
			productRefGroup = AB3CA4A518B768EA0079964E /* Products */;
			projectDirPath = "";
			projectRoot = "";
			targets = (
				AB3CA4A318B768EA0079964E /* VRFoundationToolkit */,
				AB3CA4B318B768EA0079964E /* VRFoundationToolkitTests */,
			);
		};
/* End PBXProject section */

/* Begin PBXResourcesBuildPhase section */
		AB3CA4B218B768EA0079964E /* Resources */ = {
			isa = PBXResourcesBuildPhase;
			buildActionMask = 2147483647;
			files = (
				AB3CA4C218B768EA0079964E /* InfoPlist.strings in Resources */,
			);
			runOnlyForDeploymentPostprocessing = 0;
		};
/* End PBXResourcesBuildPhase section */

/* Begin PBXSourcesBuildPhase section */
		AB3CA4A018B768EA0079964E /* Sources */ = {
			isa = PBXSourcesBuildPhase;
			buildActionMask = 2147483647;
			files = (
				AB3CA58718B796A10079964E /* NSMutableDictionary+VRExchangeKeys.m in Sources */,
				AB909D4F18BDC86600EF2795 /* NSObject+VRPropertiesProcessing.m in Sources */,
				AB3CA4E218B770470079964E /* NSFileManager+VRDocumentsDirectory.m in Sources */,
				AB3CA4EE18B776DE0079964E /* NSString+VRMd5.m in Sources */,
				AB3CA4EA18B775F00079964E /* NSDate+VRDurations.m in Sources */,
				AB3CA56118B785200079964E /* NSArray+VRCheckMembers.m in Sources */,
				AB3CA4F218B77A7B0079964E /* VRProtocolConformation.m in Sources */,
			);
			runOnlyForDeploymentPostprocessing = 0;
		};
		AB3CA4B018B768EA0079964E /* Sources */ = {
			isa = PBXSourcesBuildPhase;
			buildActionMask = 2147483647;
			files = (
				AB0A048718BF14ED00A377B4 /* VRLogTests.m in Sources */,
				AB909D5518BDCBF000EF2795 /* VRPPMySuperClass.m in Sources */,
				AB0A049B18BF4AD400A377B4 /* VRProtocolConformationTests.m in Sources */,
				AB909D5818BDCC1100EF2795 /* VRPPMyClass.m in Sources */,
				AB909D5218BDCACE00EF2795 /* NSObject+VRPropertiesProcessingTests.m in Sources */,
			);
			runOnlyForDeploymentPostprocessing = 0;
		};
/* End PBXSourcesBuildPhase section */

/* Begin PBXTargetDependency section */
		AB3CA4BB18B768EA0079964E /* PBXTargetDependency */ = {
			isa = PBXTargetDependency;
			target = AB3CA4A318B768EA0079964E /* VRFoundationToolkit */;
			targetProxy = AB3CA4BA18B768EA0079964E /* PBXContainerItemProxy */;
		};
/* End PBXTargetDependency section */

/* Begin PBXVariantGroup section */
		AB3CA4C018B768EA0079964E /* InfoPlist.strings */ = {
			isa = PBXVariantGroup;
			children = (
				AB3CA4C118B768EA0079964E /* en */,
			);
			name = InfoPlist.strings;
			sourceTree = "<group>";
		};
/* End PBXVariantGroup section */

/* Begin XCBuildConfiguration section */
		AB3CA4C518B768EA0079964E /* Debug */ = {
			isa = XCBuildConfiguration;
			buildSettings = {
				ALWAYS_SEARCH_USER_PATHS = NO;
				ARCHS = "$(ARCHS_STANDARD)";
				CLANG_CXX_LANGUAGE_STANDARD = "gnu++0x";
				CLANG_CXX_LIBRARY = "libc++";
				CLANG_ENABLE_MODULES = YES;
				CLANG_ENABLE_OBJC_ARC = YES;
				CLANG_WARN_BOOL_CONVERSION = YES;
				CLANG_WARN_CONSTANT_CONVERSION = YES;
				CLANG_WARN_DIRECT_OBJC_ISA_USAGE = YES_ERROR;
				CLANG_WARN_EMPTY_BODY = YES;
				CLANG_WARN_ENUM_CONVERSION = YES;
				CLANG_WARN_INT_CONVERSION = YES;
				CLANG_WARN_OBJC_ROOT_CLASS = YES_ERROR;
				CLANG_WARN__DUPLICATE_METHOD_MATCH = YES;
				COPY_PHASE_STRIP = NO;
				GCC_C_LANGUAGE_STANDARD = gnu99;
				GCC_DYNAMIC_NO_PIC = NO;
				GCC_OPTIMIZATION_LEVEL = 0;
				GCC_PREPROCESSOR_DEFINITIONS = (
					"DEBUG=1",
					"$(inherited)",
				);
				GCC_SYMBOLS_PRIVATE_EXTERN = NO;
				GCC_WARN_64_TO_32_BIT_CONVERSION = YES;
				GCC_WARN_ABOUT_RETURN_TYPE = YES_ERROR;
				GCC_WARN_UNDECLARED_SELECTOR = YES;
				GCC_WARN_UNINITIALIZED_AUTOS = YES;
				GCC_WARN_UNUSED_FUNCTION = YES;
				GCC_WARN_UNUSED_VARIABLE = YES;
				IPHONEOS_DEPLOYMENT_TARGET = 6.0;
				ONLY_ACTIVE_ARCH = YES;
				SDKROOT = iphoneos6.0;
				VALID_ARCHS = "armv7 armv7s";
			};
			name = Debug;
		};
		AB3CA4C618B768EA0079964E /* Release */ = {
			isa = XCBuildConfiguration;
			buildSettings = {
				ALWAYS_SEARCH_USER_PATHS = NO;
				ARCHS = "$(ARCHS_STANDARD)";
				CLANG_CXX_LANGUAGE_STANDARD = "gnu++0x";
				CLANG_CXX_LIBRARY = "libc++";
				CLANG_ENABLE_MODULES = YES;
				CLANG_ENABLE_OBJC_ARC = YES;
				CLANG_WARN_BOOL_CONVERSION = YES;
				CLANG_WARN_CONSTANT_CONVERSION = YES;
				CLANG_WARN_DIRECT_OBJC_ISA_USAGE = YES_ERROR;
				CLANG_WARN_EMPTY_BODY = YES;
				CLANG_WARN_ENUM_CONVERSION = YES;
				CLANG_WARN_INT_CONVERSION = YES;
				CLANG_WARN_OBJC_ROOT_CLASS = YES_ERROR;
				CLANG_WARN__DUPLICATE_METHOD_MATCH = YES;
				COPY_PHASE_STRIP = YES;
				ENABLE_NS_ASSERTIONS = NO;
				GCC_C_LANGUAGE_STANDARD = gnu99;
				GCC_WARN_64_TO_32_BIT_CONVERSION = YES;
				GCC_WARN_ABOUT_RETURN_TYPE = YES_ERROR;
				GCC_WARN_UNDECLARED_SELECTOR = YES;
				GCC_WARN_UNINITIALIZED_AUTOS = YES;
				GCC_WARN_UNUSED_FUNCTION = YES;
				GCC_WARN_UNUSED_VARIABLE = YES;
				IPHONEOS_DEPLOYMENT_TARGET = 6.0;
				SDKROOT = iphoneos6.0;
				VALIDATE_PRODUCT = YES;
				VALID_ARCHS = "armv7 armv7s";
			};
			name = Release;
		};
		AB3CA4C818B768EA0079964E /* Debug */ = {
			isa = XCBuildConfiguration;
			buildSettings = {
				DSTROOT = /tmp/VRFoundationToolkit.dst;
				GCC_PRECOMPILE_PREFIX_HEADER = YES;
				GCC_PREFIX_HEADER = "VRFoundationToolkit/VRFoundationToolkit-Prefix.pch";
				OTHER_LDFLAGS = "-ObjC";
				PRODUCT_NAME = "$(TARGET_NAME)";
				SDKROOT = "$(inherited)";
				SKIP_INSTALL = YES;
			};
			name = Debug;
		};
		AB3CA4C918B768EA0079964E /* Release */ = {
			isa = XCBuildConfiguration;
			buildSettings = {
				DSTROOT = /tmp/VRFoundationToolkit.dst;
				GCC_PRECOMPILE_PREFIX_HEADER = YES;
				GCC_PREFIX_HEADER = "VRFoundationToolkit/VRFoundationToolkit-Prefix.pch";
				OTHER_LDFLAGS = "-ObjC";
				PRODUCT_NAME = "$(TARGET_NAME)";
				SDKROOT = "$(inherited)";
				SKIP_INSTALL = YES;
			};
			name = Release;
		};
		AB3CA4CB18B768EA0079964E /* Debug */ = {
			isa = XCBuildConfiguration;
			buildSettings = {
				ARCHS = "$(ARCHS_STANDARD_INCLUDING_64_BIT)";
				FRAMEWORK_SEARCH_PATHS = (
					"$(SDKROOT)/Developer/Library/Frameworks",
					"$(inherited)",
					"$(DEVELOPER_FRAMEWORKS_DIR)",
				);
				GCC_PRECOMPILE_PREFIX_HEADER = YES;
				GCC_PREFIX_HEADER = "VRFoundationToolkit/VRFoundationToolkit-Prefix.pch";
				GCC_PREPROCESSOR_DEFINITIONS = (
					"DEBUG=1",
					"$(inherited)",
				);
				INFOPLIST_FILE = "VRFoundationToolkitTests/VRFoundationToolkitTests-Info.plist";
				OTHER_LDFLAGS = (
					"$(inherited)",
					"-ObjC",
				);
				PRODUCT_NAME = "$(TARGET_NAME)";
				SDKROOT = iphoneos;
				WRAPPER_EXTENSION = xctest;
			};
			name = Debug;
		};
		AB3CA4CC18B768EA0079964E /* Release */ = {
			isa = XCBuildConfiguration;
			buildSettings = {
				ARCHS = "$(ARCHS_STANDARD_INCLUDING_64_BIT)";
				FRAMEWORK_SEARCH_PATHS = (
					"$(SDKROOT)/Developer/Library/Frameworks",
					"$(inherited)",
					"$(DEVELOPER_FRAMEWORKS_DIR)",
				);
				GCC_PRECOMPILE_PREFIX_HEADER = YES;
				GCC_PREFIX_HEADER = "VRFoundationToolkit/VRFoundationToolkit-Prefix.pch";
				INFOPLIST_FILE = "VRFoundationToolkitTests/VRFoundationToolkitTests-Info.plist";
				OTHER_LDFLAGS = (
					"$(inherited)",
					"-ObjC",
				);
				PRODUCT_NAME = "$(TARGET_NAME)";
				SDKROOT = iphoneos;
				WRAPPER_EXTENSION = xctest;
			};
			name = Release;
		};
/* End XCBuildConfiguration section */

/* Begin XCConfigurationList section */
		AB3CA49F18B768EA0079964E /* Build configuration list for PBXProject "VRFoundationToolkit" */ = {
			isa = XCConfigurationList;
			buildConfigurations = (
				AB3CA4C518B768EA0079964E /* Debug */,
				AB3CA4C618B768EA0079964E /* Release */,
			);
			defaultConfigurationIsVisible = 0;
			defaultConfigurationName = Release;
		};
		AB3CA4C718B768EA0079964E /* Build configuration list for PBXNativeTarget "VRFoundationToolkit" */ = {
			isa = XCConfigurationList;
			buildConfigurations = (
				AB3CA4C818B768EA0079964E /* Debug */,
				AB3CA4C918B768EA0079964E /* Release */,
			);
			defaultConfigurationIsVisible = 0;
			defaultConfigurationName = Release;
		};
		AB3CA4CA18B768EA0079964E /* Build configuration list for PBXNativeTarget "VRFoundationToolkitTests" */ = {
			isa = XCConfigurationList;
			buildConfigurations = (
				AB3CA4CB18B768EA0079964E /* Debug */,
				AB3CA4CC18B768EA0079964E /* Release */,
			);
			defaultConfigurationIsVisible = 0;
			defaultConfigurationName = Release;
		};
/* End XCConfigurationList section */
	};
	rootObject = AB3CA49C18B768EA0079964E /* Project object */;
}
