<?xml version="1.0" encoding="UTF-8"?>
<!DOCTYPE plist PUBLIC "-//Apple//DTD PLIST 1.0//EN" "http://www.apple.com/DTDs/PropertyList-1.0.dtd">
<plist version="1.0">
<dict>
	<key>archiveVersion</key>
	<string>1</string>
	<key>classes</key>
	<dict/>
	<key>objectVersion</key>
	<string>46</string>
	<key>objects</key>
	<dict>
		<key>0CE6428CCA362757F7DC55F6</key>
		<dict>
			<key>children</key>
			<array>
				<string>8EEE32B2FF186FD24CDBA23C</string>
				<string>38168AEA5A581E5D15F7B47F</string>
			</array>
			<key>isa</key>
			<string>PBXGroup</string>
			<key>name</key>
			<string>Pods</string>
			<key>sourceTree</key>
			<string>&lt;group&gt;</string>
		</dict>
		<key>38168AEA5A581E5D15F7B47F</key>
		<dict>
			<key>includeInIndex</key>
			<string>1</string>
			<key>isa</key>
			<string>PBXFileReference</string>
			<key>lastKnownFileType</key>
			<string>text.xcconfig</string>
			<key>name</key>
			<string>Pods-VRAppSettingsExample.release.xcconfig</string>
			<key>path</key>
			<string>Pods/Target Support Files/Pods-VRAppSettingsExample/Pods-VRAppSettingsExample.release.xcconfig</string>
			<key>sourceTree</key>
			<string>&lt;group&gt;</string>
		</dict>
		<key>44CA51C57BA9003AB5AB11E9</key>
		<dict>
			<key>buildActionMask</key>
			<string>2147483647</string>
			<key>files</key>
			<array/>
			<key>inputPaths</key>
			<array/>
			<key>isa</key>
			<string>PBXShellScriptBuildPhase</string>
			<key>name</key>
			<string>Check Pods Manifest.lock</string>
			<key>outputPaths</key>
			<array/>
			<key>runOnlyForDeploymentPostprocessing</key>
			<string>0</string>
			<key>shellPath</key>
			<string>/bin/sh</string>
			<key>shellScript</key>
			<string>diff "${PODS_ROOT}/../Podfile.lock" "${PODS_ROOT}/Manifest.lock" &gt; /dev/null
if [[ $? != 0 ]] ; then
    cat &lt;&lt; EOM
error: The sandbox is not in sync with the Podfile.lock. Run 'pod install' or update your CocoaPods installation.
EOM
    exit 1
fi
</string>
			<key>showEnvVarsInLog</key>
			<string>0</string>
		</dict>
		<key>5787C62993B0ADBAB8B14C22</key>
		<dict>
			<key>explicitFileType</key>
			<string>archive.ar</string>
			<key>includeInIndex</key>
			<string>0</string>
			<key>isa</key>
			<string>PBXFileReference</string>
			<key>path</key>
			<string>libPods-VRAppSettingsExample.a</string>
			<key>sourceTree</key>
			<string>BUILT_PRODUCTS_DIR</string>
		</dict>
		<key>8EEE32B2FF186FD24CDBA23C</key>
		<dict>
			<key>includeInIndex</key>
			<string>1</string>
			<key>isa</key>
			<string>PBXFileReference</string>
			<key>lastKnownFileType</key>
			<string>text.xcconfig</string>
			<key>name</key>
			<string>Pods-VRAppSettingsExample.debug.xcconfig</string>
			<key>path</key>
			<string>Pods/Target Support Files/Pods-VRAppSettingsExample/Pods-VRAppSettingsExample.debug.xcconfig</string>
			<key>sourceTree</key>
			<string>&lt;group&gt;</string>
		</dict>
		<key>A3D3FB79FB1E475EEAE4C7A9</key>
		<dict>
			<key>buildActionMask</key>
			<string>2147483647</string>
			<key>files</key>
			<array/>
			<key>inputPaths</key>
			<array/>
			<key>isa</key>
			<string>PBXShellScriptBuildPhase</string>
			<key>name</key>
			<string>Copy Pods Resources</string>
			<key>outputPaths</key>
			<array/>
			<key>runOnlyForDeploymentPostprocessing</key>
			<string>0</string>
			<key>shellPath</key>
			<string>/bin/sh</string>
			<key>shellScript</key>
			<string>"${SRCROOT}/Pods/Target Support Files/Pods-VRAppSettingsExample/Pods-VRAppSettingsExample-resources.sh"
</string>
			<key>showEnvVarsInLog</key>
			<string>0</string>
		</dict>
		<key>ABE888C31842ED8B001FEF19</key>
		<dict>
			<key>children</key>
			<array>
				<string>ABE888D51842ED8B001FEF19</string>
				<string>ABE888CE1842ED8B001FEF19</string>
				<string>ABE888CD1842ED8B001FEF19</string>
				<string>0CE6428CCA362757F7DC55F6</string>
			</array>
			<key>isa</key>
			<string>PBXGroup</string>
			<key>sourceTree</key>
			<string>&lt;group&gt;</string>
		</dict>
		<key>ABE888C41842ED8B001FEF19</key>
		<dict>
			<key>attributes</key>
			<dict>
				<key>CLASSPREFIX</key>
				<string>IVR</string>
				<key>LastUpgradeCheck</key>
				<string>0510</string>
				<key>ORGANIZATIONNAME</key>
				<string>Ivan Rublev http://ivanrublev.me </string>
			</dict>
			<key>buildConfigurationList</key>
			<string>ABE888C71842ED8B001FEF19</string>
			<key>compatibilityVersion</key>
			<string>Xcode 3.2</string>
			<key>developmentRegion</key>
			<string>English</string>
			<key>hasScannedForEncodings</key>
			<string>0</string>
			<key>isa</key>
			<string>PBXProject</string>
			<key>knownRegions</key>
			<array>
				<string>en</string>
				<string>Base</string>
			</array>
			<key>mainGroup</key>
			<string>ABE888C31842ED8B001FEF19</string>
			<key>productRefGroup</key>
			<string>ABE888CD1842ED8B001FEF19</string>
			<key>projectDirPath</key>
			<string></string>
			<key>projectReferences</key>
			<array/>
			<key>projectRoot</key>
			<string></string>
			<key>targets</key>
			<array>
				<string>ABE888CB1842ED8B001FEF19</string>
			</array>
		</dict>
		<key>ABE888C71842ED8B001FEF19</key>
		<dict>
			<key>buildConfigurations</key>
			<array>
				<string>ABE888FF1842ED8B001FEF19</string>
				<string>ABE889001842ED8B001FEF19</string>
			</array>
			<key>defaultConfigurationIsVisible</key>
			<string>0</string>
			<key>defaultConfigurationName</key>
			<string>Release</string>
			<key>isa</key>
			<string>XCConfigurationList</string>
		</dict>
		<key>ABE888C81842ED8B001FEF19</key>
		<dict>
			<key>buildActionMask</key>
			<string>2147483647</string>
			<key>files</key>
			<array>
				<string>ABE888DC1842ED8B001FEF19</string>
				<string>ABE888E01842ED8B001FEF19</string>
				<string>ABE888E91842ED8B001FEF19</string>
				<string>ABE889A218443346001FEF19</string>
			</array>
			<key>isa</key>
			<string>PBXSourcesBuildPhase</string>
			<key>runOnlyForDeploymentPostprocessing</key>
			<string>0</string>
		</dict>
		<key>ABE888C91842ED8B001FEF19</key>
		<dict>
			<key>buildActionMask</key>
			<string>2147483647</string>
			<key>files</key>
			<array>
				<string>ABE888D21842ED8B001FEF19</string>
				<string>ABE888D41842ED8B001FEF19</string>
				<string>ABE888D01842ED8B001FEF19</string>
				<string>AD7F2F1C1CA9DC7216C3398D</string>
			</array>
			<key>isa</key>
			<string>PBXFrameworksBuildPhase</string>
			<key>runOnlyForDeploymentPostprocessing</key>
			<string>0</string>
		</dict>
		<key>ABE888CA1842ED8B001FEF19</key>
		<dict>
			<key>buildActionMask</key>
			<string>2147483647</string>
			<key>files</key>
			<array>
				<string>ABE888EB1842ED8B001FEF19</string>
				<string>ABE888E31842ED8B001FEF19</string>
				<string>ABE888DA1842ED8B001FEF19</string>
			</array>
			<key>isa</key>
			<string>PBXResourcesBuildPhase</string>
			<key>runOnlyForDeploymentPostprocessing</key>
			<string>0</string>
		</dict>
		<key>ABE888CB1842ED8B001FEF19</key>
		<dict>
			<key>buildConfigurationList</key>
			<string>ABE889011842ED8B001FEF19</string>
			<key>buildPhases</key>
			<array>
				<string>44CA51C57BA9003AB5AB11E9</string>
				<string>ABE888C81842ED8B001FEF19</string>
				<string>ABE888C91842ED8B001FEF19</string>
				<string>ABE888CA1842ED8B001FEF19</string>
				<string>A3D3FB79FB1E475EEAE4C7A9</string>
			</array>
			<key>buildRules</key>
			<array/>
			<key>dependencies</key>
			<array/>
			<key>isa</key>
			<string>PBXNativeTarget</string>
			<key>name</key>
			<string>VRAppSettingsExample</string>
			<key>productName</key>
			<string>VRAppSettingsExample</string>
			<key>productReference</key>
			<string>ABE888CC1842ED8B001FEF19</string>
			<key>productType</key>
			<string>com.apple.product-type.application</string>
		</dict>
		<key>ABE888CC1842ED8B001FEF19</key>
		<dict>
			<key>explicitFileType</key>
			<string>wrapper.application</string>
			<key>includeInIndex</key>
			<string>0</string>
			<key>isa</key>
			<string>PBXFileReference</string>
			<key>path</key>
			<string>VRAppSettingsExample.app</string>
			<key>sourceTree</key>
			<string>BUILT_PRODUCTS_DIR</string>
		</dict>
		<key>ABE888CD1842ED8B001FEF19</key>
		<dict>
			<key>children</key>
			<array>
				<string>ABE888CC1842ED8B001FEF19</string>
			</array>
			<key>isa</key>
			<string>PBXGroup</string>
			<key>name</key>
			<string>Products</string>
			<key>sourceTree</key>
			<string>&lt;group&gt;</string>
		</dict>
		<key>ABE888CE1842ED8B001FEF19</key>
		<dict>
			<key>children</key>
			<array>
				<string>ABE888CF1842ED8B001FEF19</string>
				<string>ABE888D11842ED8B001FEF19</string>
				<string>ABE888D31842ED8B001FEF19</string>
				<string>ABE888F11842ED8B001FEF19</string>
				<string>5787C62993B0ADBAB8B14C22</string>
			</array>
			<key>isa</key>
			<string>PBXGroup</string>
			<key>name</key>
			<string>Frameworks</string>
			<key>sourceTree</key>
			<string>&lt;group&gt;</string>
		</dict>
		<key>ABE888CF1842ED8B001FEF19</key>
		<dict>
			<key>isa</key>
			<string>PBXFileReference</string>
			<key>lastKnownFileType</key>
			<string>wrapper.framework</string>
			<key>name</key>
			<string>Foundation.framework</string>
			<key>path</key>
			<string>System/Library/Frameworks/Foundation.framework</string>
			<key>sourceTree</key>
			<string>SDKROOT</string>
		</dict>
		<key>ABE888D01842ED8B001FEF19</key>
		<dict>
			<key>fileRef</key>
			<string>ABE888CF1842ED8B001FEF19</string>
			<key>isa</key>
			<string>PBXBuildFile</string>
		</dict>
		<key>ABE888D11842ED8B001FEF19</key>
		<dict>
			<key>isa</key>
			<string>PBXFileReference</string>
			<key>lastKnownFileType</key>
			<string>wrapper.framework</string>
			<key>name</key>
			<string>CoreGraphics.framework</string>
			<key>path</key>
			<string>System/Library/Frameworks/CoreGraphics.framework</string>
			<key>sourceTree</key>
			<string>SDKROOT</string>
		</dict>
		<key>ABE888D21842ED8B001FEF19</key>
		<dict>
			<key>fileRef</key>
			<string>ABE888D11842ED8B001FEF19</string>
			<key>isa</key>
			<string>PBXBuildFile</string>
		</dict>
		<key>ABE888D31842ED8B001FEF19</key>
		<dict>
			<key>isa</key>
			<string>PBXFileReference</string>
			<key>lastKnownFileType</key>
			<string>wrapper.framework</string>
			<key>name</key>
			<string>UIKit.framework</string>
			<key>path</key>
			<string>System/Library/Frameworks/UIKit.framework</string>
			<key>sourceTree</key>
			<string>SDKROOT</string>
		</dict>
		<key>ABE888D41842ED8B001FEF19</key>
		<dict>
			<key>fileRef</key>
			<string>ABE888D31842ED8B001FEF19</string>
			<key>isa</key>
			<string>PBXBuildFile</string>
		</dict>
		<key>ABE888D51842ED8B001FEF19</key>
		<dict>
			<key>children</key>
			<array>
				<string>ABE889A018443346001FEF19</string>
				<string>ABE889A118443346001FEF19</string>
				<string>ABE888DE1842ED8B001FEF19</string>
				<string>ABE888DF1842ED8B001FEF19</string>
				<string>ABE888E11842ED8B001FEF19</string>
				<string>ABE888E71842ED8B001FEF19</string>
				<string>ABE888E81842ED8B001FEF19</string>
				<string>ABE888EA1842ED8B001FEF19</string>
				<string>ABE888D61842ED8B001FEF19</string>
			</array>
			<key>isa</key>
			<string>PBXGroup</string>
			<key>path</key>
			<string>VRAppSettingsExample</string>
			<key>sourceTree</key>
			<string>&lt;group&gt;</string>
		</dict>
		<key>ABE888D61842ED8B001FEF19</key>
		<dict>
			<key>children</key>
			<array>
				<string>ABE888D71842ED8B001FEF19</string>
				<string>ABE888D81842ED8B001FEF19</string>
				<string>ABE888DB1842ED8B001FEF19</string>
				<string>ABE888DD1842ED8B001FEF19</string>
			</array>
			<key>isa</key>
			<string>PBXGroup</string>
			<key>name</key>
			<string>Supporting Files</string>
			<key>sourceTree</key>
			<string>&lt;group&gt;</string>
		</dict>
		<key>ABE888D71842ED8B001FEF19</key>
		<dict>
			<key>isa</key>
			<string>PBXFileReference</string>
			<key>lastKnownFileType</key>
			<string>text.plist.xml</string>
			<key>path</key>
			<string>VRAppSettingsExample-Info.plist</string>
			<key>sourceTree</key>
			<string>&lt;group&gt;</string>
		</dict>
		<key>ABE888D81842ED8B001FEF19</key>
		<dict>
			<key>children</key>
			<array>
				<string>ABE888D91842ED8B001FEF19</string>
			</array>
			<key>isa</key>
			<string>PBXVariantGroup</string>
			<key>name</key>
			<string>InfoPlist.strings</string>
			<key>sourceTree</key>
			<string>&lt;group&gt;</string>
		</dict>
		<key>ABE888D91842ED8B001FEF19</key>
		<dict>
			<key>isa</key>
			<string>PBXFileReference</string>
			<key>lastKnownFileType</key>
			<string>text.plist.strings</string>
			<key>name</key>
			<string>en</string>
			<key>path</key>
			<string>en.lproj/InfoPlist.strings</string>
			<key>sourceTree</key>
			<string>&lt;group&gt;</string>
		</dict>
		<key>ABE888DA1842ED8B001FEF19</key>
		<dict>
			<key>fileRef</key>
			<string>ABE888D81842ED8B001FEF19</string>
			<key>isa</key>
			<string>PBXBuildFile</string>
		</dict>
		<key>ABE888DB1842ED8B001FEF19</key>
		<dict>
			<key>isa</key>
			<string>PBXFileReference</string>
			<key>lastKnownFileType</key>
			<string>sourcecode.c.objc</string>
			<key>path</key>
			<string>main.m</string>
			<key>sourceTree</key>
			<string>&lt;group&gt;</string>
		</dict>
		<key>ABE888DC1842ED8B001FEF19</key>
		<dict>
			<key>fileRef</key>
			<string>ABE888DB1842ED8B001FEF19</string>
			<key>isa</key>
			<string>PBXBuildFile</string>
		</dict>
		<key>ABE888DD1842ED8B001FEF19</key>
		<dict>
			<key>isa</key>
			<string>PBXFileReference</string>
			<key>lastKnownFileType</key>
			<string>sourcecode.c.h</string>
			<key>path</key>
			<string>VRAppSettingsExample-Prefix.pch</string>
			<key>sourceTree</key>
			<string>&lt;group&gt;</string>
		</dict>
		<key>ABE888DE1842ED8B001FEF19</key>
		<dict>
			<key>isa</key>
			<string>PBXFileReference</string>
			<key>lastKnownFileType</key>
			<string>sourcecode.c.h</string>
			<key>path</key>
			<string>VRAppSettingsExampleAppDelegate.h</string>
			<key>sourceTree</key>
			<string>&lt;group&gt;</string>
		</dict>
		<key>ABE888DF1842ED8B001FEF19</key>
		<dict>
			<key>isa</key>
			<string>PBXFileReference</string>
			<key>lastKnownFileType</key>
			<string>sourcecode.c.objc</string>
			<key>path</key>
			<string>VRAppSettingsExampleAppDelegate.m</string>
			<key>sourceTree</key>
			<string>&lt;group&gt;</string>
		</dict>
		<key>ABE888E01842ED8B001FEF19</key>
		<dict>
			<key>fileRef</key>
			<string>ABE888DF1842ED8B001FEF19</string>
			<key>isa</key>
			<string>PBXBuildFile</string>
		</dict>
		<key>ABE888E11842ED8B001FEF19</key>
		<dict>
			<key>children</key>
			<array>
				<string>ABE888E21842ED8B001FEF19</string>
			</array>
			<key>isa</key>
			<string>PBXVariantGroup</string>
			<key>name</key>
			<string>Main_iPhone.storyboard</string>
			<key>sourceTree</key>
			<string>&lt;group&gt;</string>
		</dict>
		<key>ABE888E21842ED8B001FEF19</key>
		<dict>
			<key>isa</key>
			<string>PBXFileReference</string>
			<key>lastKnownFileType</key>
			<string>file.storyboard</string>
			<key>name</key>
			<string>Base</string>
			<key>path</key>
			<string>Base.lproj/Main_iPhone.storyboard</string>
			<key>sourceTree</key>
			<string>&lt;group&gt;</string>
		</dict>
		<key>ABE888E31842ED8B001FEF19</key>
		<dict>
			<key>fileRef</key>
			<string>ABE888E11842ED8B001FEF19</string>
			<key>isa</key>
			<string>PBXBuildFile</string>
		</dict>
		<key>ABE888E71842ED8B001FEF19</key>
		<dict>
			<key>isa</key>
			<string>PBXFileReference</string>
			<key>lastKnownFileType</key>
			<string>sourcecode.c.h</string>
			<key>path</key>
			<string>VRAppSettingsExampleViewController.h</string>
			<key>sourceTree</key>
			<string>&lt;group&gt;</string>
		</dict>
		<key>ABE888E81842ED8B001FEF19</key>
		<dict>
			<key>isa</key>
			<string>PBXFileReference</string>
			<key>lastKnownFileType</key>
			<string>sourcecode.c.objc</string>
			<key>path</key>
			<string>VRAppSettingsExampleViewController.m</string>
			<key>sourceTree</key>
			<string>&lt;group&gt;</string>
		</dict>
		<key>ABE888E91842ED8B001FEF19</key>
		<dict>
			<key>fileRef</key>
			<string>ABE888E81842ED8B001FEF19</string>
			<key>isa</key>
			<string>PBXBuildFile</string>
		</dict>
		<key>ABE888EA1842ED8B001FEF19</key>
		<dict>
			<key>isa</key>
			<string>PBXFileReference</string>
			<key>lastKnownFileType</key>
			<string>folder.assetcatalog</string>
			<key>path</key>
			<string>Images.xcassets</string>
			<key>sourceTree</key>
			<string>&lt;group&gt;</string>
		</dict>
		<key>ABE888EB1842ED8B001FEF19</key>
		<dict>
			<key>fileRef</key>
			<string>ABE888EA1842ED8B001FEF19</string>
			<key>isa</key>
			<string>PBXBuildFile</string>
		</dict>
		<key>ABE888F11842ED8B001FEF19</key>
		<dict>
			<key>isa</key>
			<string>PBXFileReference</string>
			<key>lastKnownFileType</key>
			<string>wrapper.framework</string>
			<key>name</key>
			<string>XCTest.framework</string>
			<key>path</key>
			<string>Library/Frameworks/XCTest.framework</string>
			<key>sourceTree</key>
			<string>DEVELOPER_DIR</string>
		</dict>
		<key>ABE888FF1842ED8B001FEF19</key>
		<dict>
			<key>buildSettings</key>
			<dict>
				<key>ALWAYS_SEARCH_USER_PATHS</key>
				<string>NO</string>
				<key>CLANG_CXX_LANGUAGE_STANDARD</key>
				<string>gnu++0x</string>
				<key>CLANG_CXX_LIBRARY</key>
				<string>libc++</string>
				<key>CLANG_ENABLE_MODULES</key>
				<string>YES</string>
				<key>CLANG_ENABLE_OBJC_ARC</key>
				<string>YES</string>
				<key>CLANG_WARN_BOOL_CONVERSION</key>
				<string>YES</string>
				<key>CLANG_WARN_CONSTANT_CONVERSION</key>
				<string>YES</string>
				<key>CLANG_WARN_DIRECT_OBJC_ISA_USAGE</key>
				<string>YES_ERROR</string>
				<key>CLANG_WARN_EMPTY_BODY</key>
				<string>YES</string>
				<key>CLANG_WARN_ENUM_CONVERSION</key>
				<string>YES</string>
				<key>CLANG_WARN_INT_CONVERSION</key>
				<string>YES</string>
				<key>CLANG_WARN_OBJC_ROOT_CLASS</key>
				<string>YES_ERROR</string>
				<key>CLANG_WARN__DUPLICATE_METHOD_MATCH</key>
				<string>YES</string>
				<key>CODE_SIGN_IDENTITY[sdk=iphoneos*]</key>
				<string>iPhone Developer</string>
				<key>COPY_PHASE_STRIP</key>
				<string>NO</string>
				<key>GCC_C_LANGUAGE_STANDARD</key>
				<string>gnu99</string>
				<key>GCC_DYNAMIC_NO_PIC</key>
				<string>NO</string>
				<key>GCC_OPTIMIZATION_LEVEL</key>
				<string>0</string>
				<key>GCC_PREPROCESSOR_DEFINITIONS</key>
				<array>
					<string>DEBUG=1</string>
					<string>$(inherited)</string>
				</array>
				<key>GCC_SYMBOLS_PRIVATE_EXTERN</key>
				<string>NO</string>
				<key>GCC_WARN_64_TO_32_BIT_CONVERSION</key>
				<string>YES</string>
				<key>GCC_WARN_ABOUT_RETURN_TYPE</key>
				<string>YES_ERROR</string>
				<key>GCC_WARN_UNDECLARED_SELECTOR</key>
				<string>YES</string>
				<key>GCC_WARN_UNINITIALIZED_AUTOS</key>
				<string>YES</string>
				<key>GCC_WARN_UNUSED_FUNCTION</key>
				<string>YES</string>
				<key>GCC_WARN_UNUSED_VARIABLE</key>
				<string>YES</string>
				<key>HEADER_SEARCH_PATHS</key>
				<array>
					<string>$(inherited)</string>
					<string>/Applications/Xcode.app/Contents/Developer/Toolchains/XcodeDefault.xctoolchain/usr/include</string>
					<string>"./VRAppSettingsExample/Requirements/**"</string>
				</array>
				<key>IPHONEOS_DEPLOYMENT_TARGET</key>
				<string>6.0</string>
				<key>ONLY_ACTIVE_ARCH</key>
				<string>YES</string>
				<key>OTHER_LDFLAGS</key>
				<array>
					<string>$inherited</string>
					<string>-ObjC</string>
				</array>
				<key>SDKROOT</key>
				<string>iphoneos</string>
				<key>TARGETED_DEVICE_FAMILY</key>
				<string>1,2</string>
			</dict>
			<key>isa</key>
			<string>XCBuildConfiguration</string>
			<key>name</key>
			<string>Debug</string>
		</dict>
		<key>ABE889001842ED8B001FEF19</key>
		<dict>
			<key>buildSettings</key>
			<dict>
				<key>ALWAYS_SEARCH_USER_PATHS</key>
				<string>NO</string>
				<key>CLANG_CXX_LANGUAGE_STANDARD</key>
				<string>gnu++0x</string>
				<key>CLANG_CXX_LIBRARY</key>
				<string>libc++</string>
				<key>CLANG_ENABLE_MODULES</key>
				<string>YES</string>
				<key>CLANG_ENABLE_OBJC_ARC</key>
				<string>YES</string>
				<key>CLANG_WARN_BOOL_CONVERSION</key>
				<string>YES</string>
				<key>CLANG_WARN_CONSTANT_CONVERSION</key>
				<string>YES</string>
				<key>CLANG_WARN_DIRECT_OBJC_ISA_USAGE</key>
				<string>YES_ERROR</string>
				<key>CLANG_WARN_EMPTY_BODY</key>
				<string>YES</string>
				<key>CLANG_WARN_ENUM_CONVERSION</key>
				<string>YES</string>
				<key>CLANG_WARN_INT_CONVERSION</key>
				<string>YES</string>
				<key>CLANG_WARN_OBJC_ROOT_CLASS</key>
				<string>YES_ERROR</string>
				<key>CLANG_WARN__DUPLICATE_METHOD_MATCH</key>
				<string>YES</string>
				<key>CODE_SIGN_IDENTITY[sdk=iphoneos*]</key>
				<string>iPhone Developer</string>
				<key>COPY_PHASE_STRIP</key>
				<string>YES</string>
				<key>ENABLE_NS_ASSERTIONS</key>
				<string>NO</string>
				<key>GCC_C_LANGUAGE_STANDARD</key>
				<string>gnu99</string>
				<key>GCC_WARN_64_TO_32_BIT_CONVERSION</key>
				<string>YES</string>
				<key>GCC_WARN_ABOUT_RETURN_TYPE</key>
				<string>YES_ERROR</string>
				<key>GCC_WARN_UNDECLARED_SELECTOR</key>
				<string>YES</string>
				<key>GCC_WARN_UNINITIALIZED_AUTOS</key>
				<string>YES</string>
				<key>GCC_WARN_UNUSED_FUNCTION</key>
				<string>YES</string>
				<key>GCC_WARN_UNUSED_VARIABLE</key>
				<string>YES</string>
				<key>HEADER_SEARCH_PATHS</key>
				<array>
					<string>$(inherited)</string>
					<string>/Applications/Xcode.app/Contents/Developer/Toolchains/XcodeDefault.xctoolchain/usr/include</string>
					<string>"./VRAppSettingsExample/Requirements/**"</string>
				</array>
				<key>IPHONEOS_DEPLOYMENT_TARGET</key>
				<string>6.0</string>
				<key>OTHER_LDFLAGS</key>
				<array>
					<string>$inherited</string>
					<string>-ObjC</string>
				</array>
				<key>SDKROOT</key>
				<string>iphoneos</string>
				<key>TARGETED_DEVICE_FAMILY</key>
				<string>1,2</string>
				<key>VALIDATE_PRODUCT</key>
				<string>YES</string>
			</dict>
			<key>isa</key>
			<string>XCBuildConfiguration</string>
			<key>name</key>
			<string>Release</string>
		</dict>
		<key>ABE889011842ED8B001FEF19</key>
		<dict>
			<key>buildConfigurations</key>
			<array>
				<string>ABE889021842ED8B001FEF19</string>
				<string>ABE889031842ED8B001FEF19</string>
			</array>
			<key>defaultConfigurationIsVisible</key>
			<string>0</string>
			<key>defaultConfigurationName</key>
			<string>Release</string>
			<key>isa</key>
			<string>XCConfigurationList</string>
		</dict>
		<key>ABE889021842ED8B001FEF19</key>
		<dict>
			<key>baseConfigurationReference</key>
			<string>8EEE32B2FF186FD24CDBA23C</string>
			<key>buildSettings</key>
			<dict>
				<key>ASSETCATALOG_COMPILER_APPICON_NAME</key>
				<string>AppIcon</string>
				<key>ASSETCATALOG_COMPILER_LAUNCHIMAGE_NAME</key>
				<string>LaunchImage</string>
				<key>GCC_PRECOMPILE_PREFIX_HEADER</key>
				<string>YES</string>
				<key>GCC_PREFIX_HEADER</key>
				<string>VRAppSettingsExample/VRAppSettingsExample-Prefix.pch</string>
				<key>INFOPLIST_FILE</key>
				<string>VRAppSettingsExample/VRAppSettingsExample-Info.plist</string>
				<key>PRODUCT_NAME</key>
				<string>VRAppSettingsExample</string>
				<key>TARGETED_DEVICE_FAMILY</key>
				<string>1</string>
				<key>WRAPPER_EXTENSION</key>
				<string>app</string>
			</dict>
			<key>isa</key>
			<string>XCBuildConfiguration</string>
			<key>name</key>
			<string>Debug</string>
		</dict>
		<key>ABE889031842ED8B001FEF19</key>
		<dict>
			<key>baseConfigurationReference</key>
			<string>38168AEA5A581E5D15F7B47F</string>
			<key>buildSettings</key>
			<dict>
				<key>ASSETCATALOG_COMPILER_APPICON_NAME</key>
				<string>AppIcon</string>
				<key>ASSETCATALOG_COMPILER_LAUNCHIMAGE_NAME</key>
				<string>LaunchImage</string>
				<key>GCC_PRECOMPILE_PREFIX_HEADER</key>
				<string>YES</string>
				<key>GCC_PREFIX_HEADER</key>
				<string>VRAppSettingsExample/VRAppSettingsExample-Prefix.pch</string>
				<key>INFOPLIST_FILE</key>
				<string>VRAppSettingsExample/VRAppSettingsExample-Info.plist</string>
				<key>PRODUCT_NAME</key>
				<string>VRAppSettingsExample</string>
				<key>TARGETED_DEVICE_FAMILY</key>
				<string>1</string>
				<key>WRAPPER_EXTENSION</key>
				<string>app</string>
			</dict>
			<key>isa</key>
			<string>XCBuildConfiguration</string>
			<key>name</key>
			<string>Release</string>
		</dict>
		<key>ABE889A018443346001FEF19</key>
		<dict>
			<key>fileEncoding</key>
			<string>4</string>
			<key>isa</key>
			<string>PBXFileReference</string>
			<key>lastKnownFileType</key>
			<string>sourcecode.c.h</string>
			<key>path</key>
			<string>VRMySettings.h</string>
			<key>sourceTree</key>
			<string>&lt;group&gt;</string>
		</dict>
		<key>ABE889A118443346001FEF19</key>
		<dict>
			<key>fileEncoding</key>
			<string>4</string>
			<key>isa</key>
			<string>PBXFileReference</string>
			<key>lastKnownFileType</key>
			<string>sourcecode.c.objc</string>
			<key>path</key>
			<string>VRMySettings.m</string>
			<key>sourceTree</key>
			<string>&lt;group&gt;</string>
		</dict>
		<key>ABE889A218443346001FEF19</key>
		<dict>
			<key>fileRef</key>
			<string>ABE889A118443346001FEF19</string>
			<key>isa</key>
			<string>PBXBuildFile</string>
		</dict>
		<key>AD7F2F1C1CA9DC7216C3398D</key>
		<dict>
			<key>fileRef</key>
			<string>5787C62993B0ADBAB8B14C22</string>
			<key>isa</key>
			<string>PBXBuildFile</string>
		</dict>
	</dict>
	<key>rootObject</key>
	<string>ABE888C41842ED8B001FEF19</string>
</dict>
</plist>
